// !$*UTF8*$!
{
	archiveVersion = 1;
	classes = {
	};
	objectVersion = 46;
	objects = {

/* Begin PBXBuildFile section */
		80D6C2191E56707D002FF5F4 /* AppDelegate.swift in Sources */ = {isa = PBXBuildFile; fileRef = 80D6C2181E56707D002FF5F4 /* AppDelegate.swift */; };
		80D6C21B1E56707D002FF5F4 /* ViewController.swift in Sources */ = {isa = PBXBuildFile; fileRef = 80D6C21A1E56707D002FF5F4 /* ViewController.swift */; };
		80D6C21E1E56707D002FF5F4 /* Main.storyboard in Resources */ = {isa = PBXBuildFile; fileRef = 80D6C21C1E56707D002FF5F4 /* Main.storyboard */; };
		80D6C2201E56707D002FF5F4 /* Assets.xcassets in Resources */ = {isa = PBXBuildFile; fileRef = 80D6C21F1E56707D002FF5F4 /* Assets.xcassets */; };
		80D6C2231E56707D002FF5F4 /* LaunchScreen.storyboard in Resources */ = {isa = PBXBuildFile; fileRef = 80D6C2211E56707D002FF5F4 /* LaunchScreen.storyboard */; };
		80D6C22E1E56707D002FF5F4 /* Adding_Touch_Gesture_Annotation_to_mapTests.swift in Sources */ = {isa = PBXBuildFile; fileRef = 80D6C22D1E56707D002FF5F4 /* Adding_Touch_Gesture_Annotation_to_mapTests.swift */; };
		80D6C2391E56707D002FF5F4 /* Adding_Touch_Gesture_Annotation_to_mapUITests.swift in Sources */ = {isa = PBXBuildFile; fileRef = 80D6C2381E56707D002FF5F4 /* Adding_Touch_Gesture_Annotation_to_mapUITests.swift */; };
/* End PBXBuildFile section */

/* Begin PBXContainerItemProxy section */
		80D6C22A1E56707D002FF5F4 /* PBXContainerItemProxy */ = {
			isa = PBXContainerItemProxy;
			containerPortal = 80D6C20D1E56707D002FF5F4 /* Project object */;
			proxyType = 1;
			remoteGlobalIDString = 80D6C2141E56707D002FF5F4;
			remoteInfo = "Adding Touch Gesture Annotation to map";
		};
		80D6C2351E56707D002FF5F4 /* PBXContainerItemProxy */ = {
			isa = PBXContainerItemProxy;
			containerPortal = 80D6C20D1E56707D002FF5F4 /* Project object */;
			proxyType = 1;
			remoteGlobalIDString = 80D6C2141E56707D002FF5F4;
			remoteInfo = "Adding Touch Gesture Annotation to map";
		};
/* End PBXContainerItemProxy section */

/* Begin PBXFileReference section */
		80D6C2151E56707D002FF5F4 /* Adding Touch Gesture Annotation to map.app */ = {isa = PBXFileReference; explicitFileType = wrapper.application; includeInIndex = 0; path = "Adding Touch Gesture Annotation to map.app"; sourceTree = BUILT_PRODUCTS_DIR; };
		80D6C2181E56707D002FF5F4 /* AppDelegate.swift */ = {isa = PBXFileReference; lastKnownFileType = sourcecode.swift; path = AppDelegate.swift; sourceTree = "<group>"; };
		80D6C21A1E56707D002FF5F4 /* ViewController.swift */ = {isa = PBXFileReference; lastKnownFileType = sourcecode.swift; path = ViewController.swift; sourceTree = "<group>"; };
		80D6C21D1E56707D002FF5F4 /* Base */ = {isa = PBXFileReference; lastKnownFileType = file.storyboard; name = Base; path = Base.lproj/Main.storyboard; sourceTree = "<group>"; };
		80D6C21F1E56707D002FF5F4 /* Assets.xcassets */ = {isa = PBXFileReference; lastKnownFileType = folder.assetcatalog; path = Assets.xcassets; sourceTree = "<group>"; };
		80D6C2221E56707D002FF5F4 /* Base */ = {isa = PBXFileReference; lastKnownFileType = file.storyboard; name = Base; path = Base.lproj/LaunchScreen.storyboard; sourceTree = "<group>"; };
		80D6C2241E56707D002FF5F4 /* Info.plist */ = {isa = PBXFileReference; lastKnownFileType = text.plist.xml; path = Info.plist; sourceTree = "<group>"; };
		80D6C2291E56707D002FF5F4 /* Adding Touch Gesture Annotation to mapTests.xctest */ = {isa = PBXFileReference; explicitFileType = wrapper.cfbundle; includeInIndex = 0; path = "Adding Touch Gesture Annotation to mapTests.xctest"; sourceTree = BUILT_PRODUCTS_DIR; };
		80D6C22D1E56707D002FF5F4 /* Adding_Touch_Gesture_Annotation_to_mapTests.swift */ = {isa = PBXFileReference; lastKnownFileType = sourcecode.swift; path = Adding_Touch_Gesture_Annotation_to_mapTests.swift; sourceTree = "<group>"; };
		80D6C22F1E56707D002FF5F4 /* Info.plist */ = {isa = PBXFileReference; lastKnownFileType = text.plist.xml; path = Info.plist; sourceTree = "<group>"; };
		80D6C2341E56707D002FF5F4 /* Adding Touch Gesture Annotation to mapUITests.xctest */ = {isa = PBXFileReference; explicitFileType = wrapper.cfbundle; includeInIndex = 0; path = "Adding Touch Gesture Annotation to mapUITests.xctest"; sourceTree = BUILT_PRODUCTS_DIR; };
		80D6C2381E56707D002FF5F4 /* Adding_Touch_Gesture_Annotation_to_mapUITests.swift */ = {isa = PBXFileReference; lastKnownFileType = sourcecode.swift; path = Adding_Touch_Gesture_Annotation_to_mapUITests.swift; sourceTree = "<group>"; };
		80D6C23A1E56707D002FF5F4 /* Info.plist */ = {isa = PBXFileReference; lastKnownFileType = text.plist.xml; path = Info.plist; sourceTree = "<group>"; };
/* End PBXFileReference section */

/* Begin PBXFrameworksBuildPhase section */
		80D6C2121E56707D002FF5F4 /* Frameworks */ = {
			isa = PBXFrameworksBuildPhase;
			buildActionMask = 2147483647;
			files = (
			);
			runOnlyForDeploymentPostprocessing = 0;
		};
		80D6C2261E56707D002FF5F4 /* Frameworks */ = {
			isa = PBXFrameworksBuildPhase;
			buildActionMask = 2147483647;
			files = (
			);
			runOnlyForDeploymentPostprocessing = 0;
		};
		80D6C2311E56707D002FF5F4 /* Frameworks */ = {
			isa = PBXFrameworksBuildPhase;
			buildActionMask = 2147483647;
			files = (
			);
			runOnlyForDeploymentPostprocessing = 0;
		};
/* End PBXFrameworksBuildPhase section */

/* Begin PBXGroup section */
		80D6C20C1E56707D002FF5F4 = {
			isa = PBXGroup;
			children = (
				80D6C2171E56707D002FF5F4 /* Adding Touch Gesture Annotation to map */,
				80D6C22C1E56707D002FF5F4 /* Adding Touch Gesture Annotation to mapTests */,
				80D6C2371E56707D002FF5F4 /* Adding Touch Gesture Annotation to mapUITests */,
				80D6C2161E56707D002FF5F4 /* Products */,
			);
			sourceTree = "<group>";
		};
		80D6C2161E56707D002FF5F4 /* Products */ = {
			isa = PBXGroup;
			children = (
				80D6C2151E56707D002FF5F4 /* Adding Touch Gesture Annotation to map.app */,
				80D6C2291E56707D002FF5F4 /* Adding Touch Gesture Annotation to mapTests.xctest */,
				80D6C2341E56707D002FF5F4 /* Adding Touch Gesture Annotation to mapUITests.xctest */,
			);
			name = Products;
			sourceTree = "<group>";
		};
		80D6C2171E56707D002FF5F4 /* Adding Touch Gesture Annotation to map */ = {
			isa = PBXGroup;
			children = (
				80D6C2181E56707D002FF5F4 /* AppDelegate.swift */,
				80D6C21A1E56707D002FF5F4 /* ViewController.swift */,
				80D6C21C1E56707D002FF5F4 /* Main.storyboard */,
				80D6C21F1E56707D002FF5F4 /* Assets.xcassets */,
				80D6C2211E56707D002FF5F4 /* LaunchScreen.storyboard */,
				80D6C2241E56707D002FF5F4 /* Info.plist */,
			);
			path = "Adding Touch Gesture Annotation to map";
			sourceTree = "<group>";
		};
		80D6C22C1E56707D002FF5F4 /* Adding Touch Gesture Annotation to mapTests */ = {
			isa = PBXGroup;
			children = (
				80D6C22D1E56707D002FF5F4 /* Adding_Touch_Gesture_Annotation_to_mapTests.swift */,
				80D6C22F1E56707D002FF5F4 /* Info.plist */,
			);
			path = "Adding Touch Gesture Annotation to mapTests";
			sourceTree = "<group>";
		};
		80D6C2371E56707D002FF5F4 /* Adding Touch Gesture Annotation to mapUITests */ = {
			isa = PBXGroup;
			children = (
				80D6C2381E56707D002FF5F4 /* Adding_Touch_Gesture_Annotation_to_mapUITests.swift */,
				80D6C23A1E56707D002FF5F4 /* Info.plist */,
			);
			path = "Adding Touch Gesture Annotation to mapUITests";
			sourceTree = "<group>";
		};
/* End PBXGroup section */

/* Begin PBXNativeTarget section */
		80D6C2141E56707D002FF5F4 /* Adding Touch Gesture Annotation to map */ = {
			isa = PBXNativeTarget;
			buildConfigurationList = 80D6C23D1E56707D002FF5F4 /* Build configuration list for PBXNativeTarget "Adding Touch Gesture Annotation to map" */;
			buildPhases = (
				80D6C2111E56707D002FF5F4 /* Sources */,
				80D6C2121E56707D002FF5F4 /* Frameworks */,
				80D6C2131E56707D002FF5F4 /* Resources */,
			);
			buildRules = (
			);
			dependencies = (
			);
			name = "Adding Touch Gesture Annotation to map";
			productName = "Adding Touch Gesture Annotation to map";
			productReference = 80D6C2151E56707D002FF5F4 /* Adding Touch Gesture Annotation to map.app */;
			productType = "com.apple.product-type.application";
		};
		80D6C2281E56707D002FF5F4 /* Adding Touch Gesture Annotation to mapTests */ = {
			isa = PBXNativeTarget;
			buildConfigurationList = 80D6C2401E56707D002FF5F4 /* Build configuration list for PBXNativeTarget "Adding Touch Gesture Annotation to mapTests" */;
			buildPhases = (
				80D6C2251E56707D002FF5F4 /* Sources */,
				80D6C2261E56707D002FF5F4 /* Frameworks */,
				80D6C2271E56707D002FF5F4 /* Resources */,
			);
			buildRules = (
			);
			dependencies = (
				80D6C22B1E56707D002FF5F4 /* PBXTargetDependency */,
			);
			name = "Adding Touch Gesture Annotation to mapTests";
			productName = "Adding Touch Gesture Annotation to mapTests";
			productReference = 80D6C2291E56707D002FF5F4 /* Adding Touch Gesture Annotation to mapTests.xctest */;
			productType = "com.apple.product-type.bundle.unit-test";
		};
		80D6C2331E56707D002FF5F4 /* Adding Touch Gesture Annotation to mapUITests */ = {
			isa = PBXNativeTarget;
			buildConfigurationList = 80D6C2431E56707D002FF5F4 /* Build configuration list for PBXNativeTarget "Adding Touch Gesture Annotation to mapUITests" */;
			buildPhases = (
				80D6C2301E56707D002FF5F4 /* Sources */,
				80D6C2311E56707D002FF5F4 /* Frameworks */,
				80D6C2321E56707D002FF5F4 /* Resources */,
			);
			buildRules = (
			);
			dependencies = (
				80D6C2361E56707D002FF5F4 /* PBXTargetDependency */,
			);
			name = "Adding Touch Gesture Annotation to mapUITests";
			productName = "Adding Touch Gesture Annotation to mapUITests";
			productReference = 80D6C2341E56707D002FF5F4 /* Adding Touch Gesture Annotation to mapUITests.xctest */;
			productType = "com.apple.product-type.bundle.ui-testing";
		};
/* End PBXNativeTarget section */

/* Begin PBXProject section */
		80D6C20D1E56707D002FF5F4 /* Project object */ = {
			isa = PBXProject;
			attributes = {
				LastSwiftUpdateCheck = 0820;
				LastUpgradeCheck = 0820;
				ORGANIZATIONNAME = "Vaibhav Kumar Singh";
				TargetAttributes = {
					80D6C2141E56707D002FF5F4 = {
						CreatedOnToolsVersion = 8.2.1;
						ProvisioningStyle = Automatic;
					};
					80D6C2281E56707D002FF5F4 = {
						CreatedOnToolsVersion = 8.2.1;
						ProvisioningStyle = Automatic;
						TestTargetID = 80D6C2141E56707D002FF5F4;
					};
					80D6C2331E56707D002FF5F4 = {
						CreatedOnToolsVersion = 8.2.1;
						ProvisioningStyle = Automatic;
						TestTargetID = 80D6C2141E56707D002FF5F4;
					};
				};
			};
			buildConfigurationList = 80D6C2101E56707D002FF5F4 /* Build configuration list for PBXProject "Adding Touch Gesture Annotation to map" */;
			compatibilityVersion = "Xcode 3.2";
			developmentRegion = English;
			hasScannedForEncodings = 0;
			knownRegions = (
				en,
				Base,
			);
			mainGroup = 80D6C20C1E56707D002FF5F4;
			productRefGroup = 80D6C2161E56707D002FF5F4 /* Products */;
			projectDirPath = "";
			projectRoot = "";
			targets = (
				80D6C2141E56707D002FF5F4 /* Adding Touch Gesture Annotation to map */,
				80D6C2281E56707D002FF5F4 /* Adding Touch Gesture Annotation to mapTests */,
				80D6C2331E56707D002FF5F4 /* Adding Touch Gesture Annotation to mapUITests */,
			);
		};
/* End PBXProject section */

/* Begin PBXResourcesBuildPhase section */
		80D6C2131E56707D002FF5F4 /* Resources */ = {
			isa = PBXResourcesBuildPhase;
			buildActionMask = 2147483647;
			files = (
				80D6C2231E56707D002FF5F4 /* LaunchScreen.storyboard in Resources */,
				80D6C2201E56707D002FF5F4 /* Assets.xcassets in Resources */,
				80D6C21E1E56707D002FF5F4 /* Main.storyboard in Resources */,
			);
			runOnlyForDeploymentPostprocessing = 0;
		};
		80D6C2271E56707D002FF5F4 /* Resources */ = {
			isa = PBXResourcesBuildPhase;
			buildActionMask = 2147483647;
			files = (
			);
			runOnlyForDeploymentPostprocessing = 0;
		};
		80D6C2321E56707D002FF5F4 /* Resources */ = {
			isa = PBXResourcesBuildPhase;
			buildActionMask = 2147483647;
			files = (
			);
			runOnlyForDeploymentPostprocessing = 0;
		};
/* End PBXResourcesBuildPhase section */

/* Begin PBXSourcesBuildPhase section */
		80D6C2111E56707D002FF5F4 /* Sources */ = {
			isa = PBXSourcesBuildPhase;
			buildActionMask = 2147483647;
			files = (
				80D6C21B1E56707D002FF5F4 /* ViewController.swift in Sources */,
				80D6C2191E56707D002FF5F4 /* AppDelegate.swift in Sources */,
			);
			runOnlyForDeploymentPostprocessing = 0;
		};
		80D6C2251E56707D002FF5F4 /* Sources */ = {
			isa = PBXSourcesBuildPhase;
			buildActionMask = 2147483647;
			files = (
				80D6C22E1E56707D002FF5F4 /* Adding_Touch_Gesture_Annotation_to_mapTests.swift in Sources */,
			);
			runOnlyForDeploymentPostprocessing = 0;
		};
		80D6C2301E56707D002FF5F4 /* Sources */ = {
			isa = PBXSourcesBuildPhase;
			buildActionMask = 2147483647;
			files = (
				80D6C2391E56707D002FF5F4 /* Adding_Touch_Gesture_Annotation_to_mapUITests.swift in Sources */,
			);
			runOnlyForDeploymentPostprocessing = 0;
		};
/* End PBXSourcesBuildPhase section */

/* Begin PBXTargetDependency section */
		80D6C22B1E56707D002FF5F4 /* PBXTargetDependency */ = {
			isa = PBXTargetDependency;
			target = 80D6C2141E56707D002FF5F4 /* Adding Touch Gesture Annotation to map */;
			targetProxy = 80D6C22A1E56707D002FF5F4 /* PBXContainerItemProxy */;
		};
		80D6C2361E56707D002FF5F4 /* PBXTargetDependency */ = {
			isa = PBXTargetDependency;
			target = 80D6C2141E56707D002FF5F4 /* Adding Touch Gesture Annotation to map */;
			targetProxy = 80D6C2351E56707D002FF5F4 /* PBXContainerItemProxy */;
		};
/* End PBXTargetDependency section */

/* Begin PBXVariantGroup section */
		80D6C21C1E56707D002FF5F4 /* Main.storyboard */ = {
			isa = PBXVariantGroup;
			children = (
				80D6C21D1E56707D002FF5F4 /* Base */,
			);
			name = Main.storyboard;
			sourceTree = "<group>";
		};
		80D6C2211E56707D002FF5F4 /* LaunchScreen.storyboard */ = {
			isa = PBXVariantGroup;
			children = (
				80D6C2221E56707D002FF5F4 /* Base */,
			);
			name = LaunchScreen.storyboard;
			sourceTree = "<group>";
		};
/* End PBXVariantGroup section */

/* Begin XCBuildConfiguration section */
		80D6C23B1E56707D002FF5F4 /* Debug */ = {
			isa = XCBuildConfiguration;
			buildSettings = {
				ALWAYS_SEARCH_USER_PATHS = NO;
				CLANG_ANALYZER_NONNULL = YES;
				CLANG_CXX_LANGUAGE_STANDARD = "gnu++0x";
				CLANG_CXX_LIBRARY = "libc++";
				CLANG_ENABLE_MODULES = YES;
				CLANG_ENABLE_OBJC_ARC = YES;
				CLANG_WARN_BOOL_CONVERSION = YES;
				CLANG_WARN_CONSTANT_CONVERSION = YES;
				CLANG_WARN_DIRECT_OBJC_ISA_USAGE = YES_ERROR;
				CLANG_WARN_DOCUMENTATION_COMMENTS = YES;
				CLANG_WARN_EMPTY_BODY = YES;
				CLANG_WARN_ENUM_CONVERSION = YES;
				CLANG_WARN_INFINITE_RECURSION = YES;
				CLANG_WARN_INT_CONVERSION = YES;
				CLANG_WARN_OBJC_ROOT_CLASS = YES_ERROR;
				CLANG_WARN_SUSPICIOUS_MOVE = YES;
				CLANG_WARN_UNREACHABLE_CODE = YES;
				CLANG_WARN__DUPLICATE_METHOD_MATCH = YES;
				"CODE_SIGN_IDENTITY[sdk=iphoneos*]" = "iPhone Developer";
				COPY_PHASE_STRIP = NO;
				DEBUG_INFORMATION_FORMAT = dwarf;
				ENABLE_STRICT_OBJC_MSGSEND = YES;
				ENABLE_TESTABILITY = YES;
				GCC_C_LANGUAGE_STANDARD = gnu99;
				GCC_DYNAMIC_NO_PIC = NO;
				GCC_NO_COMMON_BLOCKS = YES;
				GCC_OPTIMIZATION_LEVEL = 0;
				GCC_PREPROCESSOR_DEFINITIONS = (
					"DEBUG=1",
					"$(inherited)",
				);
				GCC_WARN_64_TO_32_BIT_CONVERSION = YES;
				GCC_WARN_ABOUT_RETURN_TYPE = YES_ERROR;
				GCC_WARN_UNDECLARED_SELECTOR = YES;
				GCC_WARN_UNINITIALIZED_AUTOS = YES_AGGRESSIVE;
				GCC_WARN_UNUSED_FUNCTION = YES;
				GCC_WARN_UNUSED_VARIABLE = YES;
				IPHONEOS_DEPLOYMENT_TARGET = 10.2;
				MTL_ENABLE_DEBUG_INFO = YES;
				ONLY_ACTIVE_ARCH = YES;
				SDKROOT = iphoneos;
				SWIFT_ACTIVE_COMPILATION_CONDITIONS = DEBUG;
				SWIFT_OPTIMIZATION_LEVEL = "-Onone";
				TARGETED_DEVICE_FAMILY = "1,2";
			};
			name = Debug;
		};
		80D6C23C1E56707D002FF5F4 /* Release */ = {
			isa = XCBuildConfiguration;
			buildSettings = {
				ALWAYS_SEARCH_USER_PATHS = NO;
				CLANG_ANALYZER_NONNULL = YES;
				CLANG_CXX_LANGUAGE_STANDARD = "gnu++0x";
				CLANG_CXX_LIBRARY = "libc++";
				CLANG_ENABLE_MODULES = YES;
				CLANG_ENABLE_OBJC_ARC = YES;
				CLANG_WARN_BOOL_CONVERSION = YES;
				CLANG_WARN_CONSTANT_CONVERSION = YES;
				CLANG_WARN_DIRECT_OBJC_ISA_USAGE = YES_ERROR;
				CLANG_WARN_DOCUMENTATION_COMMENTS = YES;
				CLANG_WARN_EMPTY_BODY = YES;
				CLANG_WARN_ENUM_CONVERSION = YES;
				CLANG_WARN_INFINITE_RECURSION = YES;
				CLANG_WARN_INT_CONVERSION = YES;
				CLANG_WARN_OBJC_ROOT_CLASS = YES_ERROR;
				CLANG_WARN_SUSPICIOUS_MOVE = YES;
				CLANG_WARN_UNREACHABLE_CODE = YES;
				CLANG_WARN__DUPLICATE_METHOD_MATCH = YES;
				"CODE_SIGN_IDENTITY[sdk=iphoneos*]" = "iPhone Developer";
				COPY_PHASE_STRIP = NO;
				DEBUG_INFORMATION_FORMAT = "dwarf-with-dsym";
				ENABLE_NS_ASSERTIONS = NO;
				ENABLE_STRICT_OBJC_MSGSEND = YES;
				GCC_C_LANGUAGE_STANDARD = gnu99;
				GCC_NO_COMMON_BLOCKS = YES;
				GCC_WARN_64_TO_32_BIT_CONVERSION = YES;
				GCC_WARN_ABOUT_RETURN_TYPE = YES_ERROR;
				GCC_WARN_UNDECLARED_SELECTOR = YES;
				GCC_WARN_UNINITIALIZED_AUTOS = YES_AGGRESSIVE;
				GCC_WARN_UNUSED_FUNCTION = YES;
				GCC_WARN_UNUSED_VARIABLE = YES;
				IPHONEOS_DEPLOYMENT_TARGET = 10.2;
				MTL_ENABLE_DEBUG_INFO = NO;
				SDKROOT = iphoneos;
				SWIFT_OPTIMIZATION_LEVEL = "-Owholemodule";
				TARGETED_DEVICE_FAMILY = "1,2";
				VALIDATE_PRODUCT = YES;
			};
			name = Release;
		};
		80D6C23E1E56707D002FF5F4 /* Debug */ = {
			isa = XCBuildConfiguration;
			buildSettings = {
				ASSETCATALOG_COMPILER_APPICON_NAME = AppIcon;
				INFOPLIST_FILE = "Adding Touch Gesture Annotation to map/Info.plist";
				LD_RUNPATH_SEARCH_PATHS = "$(inherited) @executable_path/Frameworks";
				PRODUCT_BUNDLE_IDENTIFIER = "vaibhav.Adding-Touch-Gesture-Annotation-to-map";
				PRODUCT_NAME = "$(TARGET_NAME)";
				SWIFT_VERSION = 3.0;
			};
			name = Debug;
		};
		80D6C23F1E56707D002FF5F4 /* Release */ = {
			isa = XCBuildConfiguration;
			buildSettings = {
				ASSETCATALOG_COMPILER_APPICON_NAME = AppIcon;
				INFOPLIST_FILE = "Adding Touch Gesture Annotation to map/Info.plist";
				LD_RUNPATH_SEARCH_PATHS = "$(inherited) @executable_path/Frameworks";
				PRODUCT_BUNDLE_IDENTIFIER = "vaibhav.Adding-Touch-Gesture-Annotation-to-map";
				PRODUCT_NAME = "$(TARGET_NAME)";
				SWIFT_VERSION = 3.0;
			};
			name = Release;
		};
		80D6C2411E56707D002FF5F4 /* Debug */ = {
			isa = XCBuildConfiguration;
			buildSettings = {
				ALWAYS_EMBED_SWIFT_STANDARD_LIBRARIES = YES;
				BUNDLE_LOADER = "$(TEST_HOST)";
				INFOPLIST_FILE = "Adding Touch Gesture Annotation to mapTests/Info.plist";
				LD_RUNPATH_SEARCH_PATHS = "$(inherited) @executable_path/Frameworks @loader_path/Frameworks";
				PRODUCT_BUNDLE_IDENTIFIER = "vaibhav.Adding-Touch-Gesture-Annotation-to-mapTests";
				PRODUCT_NAME = "$(TARGET_NAME)";
				SWIFT_VERSION = 3.0;
				TEST_HOST = "$(BUILT_PRODUCTS_DIR)/Adding Touch Gesture Annotation to map.app/Adding Touch Gesture Annotation to map";
			};
			name = Debug;
		};
		80D6C2421E56707D002FF5F4 /* Release */ = {
			isa = XCBuildConfiguration;
			buildSettings = {
				ALWAYS_EMBED_SWIFT_STANDARD_LIBRARIES = YES;
				BUNDLE_LOADER = "$(TEST_HOST)";
				INFOPLIST_FILE = "Adding Touch Gesture Annotation to mapTests/Info.plist";
				LD_RUNPATH_SEARCH_PATHS = "$(inherited) @executable_path/Frameworks @loader_path/Frameworks";
				PRODUCT_BUNDLE_IDENTIFIER = "vaibhav.Adding-Touch-Gesture-Annotation-to-mapTests";
				PRODUCT_NAME = "$(TARGET_NAME)";
				SWIFT_VERSION = 3.0;
				TEST_HOST = "$(BUILT_PRODUCTS_DIR)/Adding Touch Gesture Annotation to map.app/Adding Touch Gesture Annotation to map";
			};
			name = Release;
		};
		80D6C2441E56707D002FF5F4 /* Debug */ = {
			isa = XCBuildConfiguration;
			buildSettings = {
				ALWAYS_EMBED_SWIFT_STANDARD_LIBRARIES = YES;
				INFOPLIST_FILE = "Adding Touch Gesture Annotation to mapUITests/Info.plist";
				LD_RUNPATH_SEARCH_PATHS = "$(inherited) @executable_path/Frameworks @loader_path/Frameworks";
				PRODUCT_BUNDLE_IDENTIFIER = "vaibhav.Adding-Touch-Gesture-Annotation-to-mapUITests";
				PRODUCT_NAME = "$(TARGET_NAME)";
				SWIFT_VERSION = 3.0;
				TEST_TARGET_NAME = "Adding Touch Gesture Annotation to map";
			};
			name = Debug;
		};
		80D6C2451E56707D002FF5F4 /* Release */ = {
			isa = XCBuildConfiguration;
			buildSettings = {
				ALWAYS_EMBED_SWIFT_STANDARD_LIBRARIES = YES;
				INFOPLIST_FILE = "Adding Touch Gesture Annotation to mapUITests/Info.plist";
				LD_RUNPATH_SEARCH_PATHS = "$(inherited) @executable_path/Frameworks @loader_path/Frameworks";
				PRODUCT_BUNDLE_IDENTIFIER = "vaibhav.Adding-Touch-Gesture-Annotation-to-mapUITests";
				PRODUCT_NAME = "$(TARGET_NAME)";
				SWIFT_VERSION = 3.0;
				TEST_TARGET_NAME = "Adding Touch Gesture Annotation to map";
			};
			name = Release;
		};
/* End XCBuildConfiguration section */

/* Begin XCConfigurationList section */
		80D6C2101E56707D002FF5F4 /* Build configuration list for PBXProject "Adding Touch Gesture Annotation to map" */ = {
			isa = XCConfigurationList;
			buildConfigurations = (
				80D6C23B1E56707D002FF5F4 /* Debug */,
				80D6C23C1E56707D002FF5F4 /* Release */,
			);
			defaultConfigurationIsVisible = 0;
			defaultConfigurationName = Release;
		};
		80D6C23D1E56707D002FF5F4 /* Build configuration list for PBXNativeTarget "Adding Touch Gesture Annotation to map" */ = {
			isa = XCConfigurationList;
			buildConfigurations = (
				80D6C23E1E56707D002FF5F4 /* Debug */,
				80D6C23F1E56707D002FF5F4 /* Release */,
			);
			defaultConfigurationIsVisible = 0;
		};
		80D6C2401E56707D002FF5F4 /* Build configuration list for PBXNativeTarget "Adding Touch Gesture Annotation to mapTests" */ = {
			isa = XCConfigurationList;
			buildConfigurations = (
				80D6C2411E56707D002FF5F4 /* Debug */,
				80D6C2421E56707D002FF5F4 /* Release */,
			);
			defaultConfigurationIsVisible = 0;
		};
		80D6C2431E56707D002FF5F4 /* Build configuration list for PBXNativeTarget "Adding Touch Gesture Annotation to mapUITests" */ = {
			isa = XCConfigurationList;
			buildConfigurations = (
				80D6C2441E56707D002FF5F4 /* Debug */,
				80D6C2451E56707D002FF5F4 /* Release */,
			);
			defaultConfigurationIsVisible = 0;
		};
/* End XCConfigurationList section */
	};
	rootObject = 80D6C20D1E56707D002FF5F4 /* Project object */;
}
